
Microsoft Visual Studio Solution File, Format Version 12.00
# Visual Studio Version 17
VisualStudioVersion = 17.14.36429.23 d17.14
MinimumVisualStudioVersion = 10.0.40219.1
Project("{FAE04EC0-301F-11D3-BF4B-00C04F79EFBC}") = "Week2Project", "Week2Project\Week2Project.csproj", "{950C9FE5-1F22-4C3E-9F4C-99EF161F510F}"
EndProject
Global
	GlobalSection(SolutionConfigurationPlatforms) = preSolution
		Debug|Any CPU = Debug|Any CPU
		Release|Any CPU = Release|Any CPU
	EndGlobalSection
	GlobalSection(ProjectConfigurationPlatforms) = postSolution
		{950C9FE5-1F22-4C3E-9F4C-99EF161F510F}.Debug|Any CPU.ActiveCfg = Debug|Any CPU
		{950C9FE5-1F22-4C3E-9F4C-99EF161F510F}.Debug|Any CPU.Build.0 = Debug|Any CPU
		{950C9FE5-1F22-4C3E-9F4C-99EF161F510F}.Release|Any CPU.ActiveCfg = Release|Any CPU
		{950C9FE5-1F22-4C3E-9F4C-99EF161F510F}.Release|Any CPU.Build.0 = Release|Any CPU
	EndGlobalSection
	GlobalSection(SolutionProperties) = preSolution
		HideSolutionNode = FALSE
	EndGlobalSection
	GlobalSection(ExtensibilityGlobals) = postSolution
		SolutionGuid = {4661BBDD-BB93-4095-81FB-FCF4A869F805}
	EndGlobalSection
EndGlobal
